{
  "name": "racing",
  "version": "1.0.0",
  "lockfileVersion": 3,
  "requires": true,
  "packages": {
    "": {
      "name": "racing",
      "version": "1.0.0",
      "hasInstallScript": true,
      "dependencies": {
        "@yugao-gaos/turn-based-grid-sdk": "github:yugao-gaos/GAOS-TurnBasedGrid-SDK#main"
      }
    },
    "node_modules/@yugao-gaos/turn-based-grid-sdk": {
      "version": "0.25.0",
      "resolved": "git+ssh://git@github.com/yugao-gaos/GAOS-TurnBasedGrid-SDK.git#5a59a5b915272c4645084b7073e365fa0f47f964",
      "license": "Apache-2.0",
      "bin": {
        "gaos": "dist/gaos.js",
        "gaos-agent": "dist/gaos-agent.js"
      },
      "engines": {
        "node": ">=20.3"
      }
    }
  }
}
